<?xml version="1.0" encoding="utf-8"?>
<Project ToolsVersion="4.0" xmlns="http://schemas.microsoft.com/developer/msbuild/2003">
  <ItemGroup>
    <Filter Include="Source Files">
      <UniqueIdentifier>{4FC737F1-C7A5-4376-A066-2A32D752A2FF}</UniqueIdentifier>
      <Extensions>cpp;c;cc;cxx;def;odl;idl;hpj;bat;asm;asmx</Extensions>
    </Filter>
    <Filter Include="Header Files">
      <UniqueIdentifier>{93995380-89BD-4b04-88EB-625FBE52EBFB}</UniqueIdentifier>
      <Extensions>h;hh;hpp;hxx;hm;inl;inc;xsd</Extensions>
    </Filter>
    <Filter Include="Header Files\Vision">
      <UniqueIdentifier>{fb97a482-0e2b-4857-b72d-f02a6528ab04}</UniqueIdentifier>
    </Filter>
    <Filter Include="Source Files\Vision">
      <UniqueIdentifier>{29b616f1-1e70-4c46-ae33-310f893cc40b}</UniqueIdentifier>
    </Filter>
    <Filter Include="Header Files\Motion">
      <UniqueIdentifier>{bacec65f-93ba-4364-b51c-8b4ae5d78495}</UniqueIdentifier>
    </Filter>
    <Filter Include="Source Files\Motion">
      <UniqueIdentifier>{12a85885-64a5-4734-b9df-35db1d6464e9}</UniqueIdentifier>
    </Filter>
    <Filter Include="Calibrator">
      <UniqueIdentifier>{1832cf1c-bb28-4753-a72f-1da4372f9d44}</UniqueIdentifier>
    </Filter>
    <Filter Include="Header Files\Brain">
      <UniqueIdentifier>{cf21b78d-c5e3-490c-9416-93901a8c4627}</UniqueIdentifier>
    </Filter>
    <Filter Include="Source Files\Brain">
      <UniqueIdentifier>{58cb3ddc-fbf4-4a8f-b7d6-b18172090d14}</UniqueIdentifier>
    </Filter>
  </ItemGroup>
  <ItemGroup>
    <ClCompile Include="GoalKeeper2016.cpp">
      <Filter>Source Files</Filter>
    </ClCompile>
    <ClCompile Include="Vision\DetectedGate.cpp">
      <Filter>Source Files\Vision</Filter>
    </ClCompile>
    <ClCompile Include="Vision\findGate.cpp">
      <Filter>Source Files\Vision</Filter>
    </ClCompile>
    <ClCompile Include="Vision\Vision.cpp">
      <Filter>Source Files\Vision</Filter>
    </ClCompile>
    <ClCompile Include="Vision\VisionUtils.cpp">
      <Filter>Source Files\Vision</Filter>
    </ClCompile>
    <ClCompile Include="Motion\Motion.cpp">
      <Filter>Source Files\Motion</Filter>
    </ClCompile>
    <ClCompile Include="..\Calibrator\Calibrator\Calibrator.cpp">
      <Filter>Calibrator</Filter>
    </ClCompile>
    <ClCompile Include="Brain\Brain.cpp">
      <Filter>Source Files\Brain</Filter>
    </ClCompile>
  </ItemGroup>
  <ItemGroup>
    <ClInclude Include="Vision\DetectedGate.h">
      <Filter>Header Files\Vision</Filter>
    </ClInclude>
    <ClInclude Include="Vision\DetectedObject.h">
      <Filter>Header Files\Vision</Filter>
    </ClInclude>
    <ClInclude Include="Vision\findGate.h">
      <Filter>Header Files\Vision</Filter>
    </ClInclude>
    <ClInclude Include="Vision\Vision.h">
      <Filter>Header Files\Vision</Filter>
    </ClInclude>
    <ClInclude Include="Constants.h">
      <Filter>Header Files</Filter>
    </ClInclude>
    <ClInclude Include="Includes.h">
      <Filter>Header Files</Filter>
    </ClInclude>
    <ClInclude Include="Vision\VisionUtils.h">
      <Filter>Header Files\Vision</Filter>
    </ClInclude>
    <ClInclude Include="Motion\Motion.h">
      <Filter>Header Files\Motion</Filter>
    </ClInclude>
    <ClInclude Include="..\Calibrator\Calibrator\Calibrator.h">
      <Filter>Calibrator</Filter>
    </ClInclude>
    <ClInclude Include="Motion\MotionIncludes.h">
      <Filter>Header Files\Motion</Filter>
    </ClInclude>
    <ClInclude Include="Brain\Brain.h">
      <Filter>Header Files\Brain</Filter>
    </ClInclude>
  </ItemGroup>
</Project>