<?xml version="1.0" encoding="utf-8"?>
<Project ToolsVersion="4.0" xmlns="http://schemas.microsoft.com/developer/msbuild/2003">
  <ItemGroup>
    <ClCompile Include="RoboCup2016.cpp" />
    <ClCompile Include="stdafx.cpp" />
    <ClCompile Include="Vision.cpp">
      <Filter>Vision</Filter>
    </ClCompile>
    <ClCompile Include="Motion.cpp">
      <Filter>Motion</Filter>
    </ClCompile>
    <ClCompile Include="Localiztion.cpp">
      <Filter>Localization</Filter>
    </ClCompile>
  </ItemGroup>
  <ItemGroup>
    <ClInclude Include="stdafx.h" />
    <ClInclude Include="targetver.h" />
    <ClInclude Include="Vision.h">
      <Filter>Vision</Filter>
    </ClInclude>
    <ClInclude Include="Motion.h">
      <Filter>Motion</Filter>
    </ClInclude>
    <ClInclude Include="Localization.h">
      <Filter>Localization</Filter>
    </ClInclude>
  </ItemGroup>
  <ItemGroup>
    <Text Include="ReadMe.txt" />
  </ItemGroup>
  <ItemGroup>
    <Filter Include="Vision">
      <UniqueIdentifier>{1637e7eb-1d2a-40f6-8c90-9f7b80274b33}</UniqueIdentifier>
    </Filter>
    <Filter Include="Localization">
      <UniqueIdentifier>{d63f0f66-618d-4b66-bb57-e0c6544caad4}</UniqueIdentifier>
    </Filter>
    <Filter Include="Motion">
      <UniqueIdentifier>{3b589492-ea2b-4873-a564-e3a4cfc6a4a0}</UniqueIdentifier>
    </Filter>
  </ItemGroup>
</Project>